
Microsoft Visual Studio Solution File, Format Version 12.00
# Visual Studio Version 17
VisualStudioVersion = 17.7.34031.279
MinimumVisualStudioVersion = 10.0.40219.1
Project("{FAE04EC0-301F-11D3-BF4B-00C04F79EFBC}") = "WSGenerator", "WSGenerator\WSGenerator.csproj", "{FE05FAD8-7B7B-453B-AEFA-BE1C74912CC6}"
EndProject
Global
	GlobalSection(SolutionConfigurationPlatforms) = preSolution
		Debug|Any CPU = Debug|Any CPU
		Release|Any CPU = Release|Any CPU
	EndGlobalSection
	GlobalSection(ProjectConfigurationPlatforms) = postSolution
		{FE05FAD8-7B7B-453B-AEFA-BE1C74912CC6}.Debug|Any CPU.ActiveCfg = Debug|Any CPU
		{FE05FAD8-7B7B-453B-AEFA-BE1C74912CC6}.Debug|Any CPU.Build.0 = Debug|Any CPU
		{FE05FAD8-7B7B-453B-AEFA-BE1C74912CC6}.Release|Any CPU.ActiveCfg = Release|Any CPU
		{FE05FAD8-7B7B-453B-AEFA-BE1C74912CC6}.Release|Any CPU.Build.0 = Release|Any CPU
	EndGlobalSection
	GlobalSection(SolutionProperties) = preSolution
		HideSolutionNode = FALSE
	EndGlobalSection
	GlobalSection(ExtensibilityGlobals) = postSolution
		SolutionGuid = {D3ED1A9A-814C-4FB0-BC19-A418D347E94C}
	EndGlobalSection
EndGlobal
